# Generated by buf. DO NOT EDIT.
version: v2
deps:
  - name: buf.build/elixir-protobuf/protobuf
    commit: d590dff383e94f28bacec0e8015c4daa
    digest: b5:fa4a17975e0ed6b54e3e7637d659a6358fb18ebd8a931462003cea62d43336fb02c8685076e4cb5129875b13f13c2c6dfe7205f2215d7666efdfc5cce836a2de
  - name: buf.build/googleapis/googleapis
    commit: c17df5b2beca46928cc87d5656bd5343
    digest: b5:648a01e0170d4512dea7d564016165decd1ed6e34bef79fe54753e51ad7e27545709ad9157d7551270147d551155c595a2fb0bf5bb33b1c83040ddbce915c604
  - name: buf.build/protocolbuffers/wellknowntypes
    commit: 122a3d2fdc814e0bb6fcf821bcce7957
    digest: b5:1aafdaf51329062dcc57ee613e59e15e5529e994634599ff467501e4d6c670af04eaa4bee3f3da5db64518b3117c34865896eb9b096a15a81051ab82c34e7e95
  - name: buf.build/trogonstack/trogon-proto
    commit: d573b0f7309f46bea59bcbe034038a55
    digest: b5:dd7659ae151b12d2e9dc84d5341206f58d6b76e4f42e0f3b8a6979060d3aed9bc8ee2871b138054fabb0df2e36c8fd5bb4ba208e9040fe1a9e01905e781bef1e
